Microsoft Visual Studio Solution File, Format Version 12.00
# Visual Studio Version 17
VisualStudioVersion = 17.10.35013.160
MinimumVisualStudioVersion = 10.0.40219.1
Project("{2150E333-8FDC-42A3-9474-1A3956D46DE8}") = "Services", "Services", "{7A7AACD8-64C5-489A-B258-81CE00AAEFF1}"
EndProject
Project("{2150E333-8FDC-42A3-9474-1A3956D46DE8}") = "Core", "Core", "{A45BA1D2-620F-49A3-B04E-DE65ADD2D3E7}"
EndProject
Project("{2150E333-8FDC-42A3-9474-1A3956D46DE8}") = "Bookings", "Bookings", "{4E63DAF8-2709-4696-986B-86E9945A5AA6}"
EndProject
Project("{2150E333-8FDC-42A3-9474-1A3956D46DE8}") = "Products", "Products", "{3966F5AD-08D3-429B-A0E5-E8E03A90B75C}"
EndProject
Project("{9A19103F-16F7-4668-BE54-9A1E7A4F7556}") = "BarberShop.Core", "Core\BarberShop.Core\BarberShop.Core.csproj", "{3C7C481F-879B-45A7-AA54-789D86A3BBFD}"
EndProject
Project("{2150E333-8FDC-42A3-9474-1A3956D46DE8}") = "Tests", "Tests", "{48BCDBD1-CB27-4FE4-94CA-5CB5B391CB59}"
EndProject
Project("{9A19103F-16F7-4668-BE54-9A1E7A4F7556}") = "BarberShop.Core.UnitTests", "Core\Tests\BarberShop.Core.UnitTests\BarberShop.Core.UnitTests.csproj", "{FC4108E4-F3C7-4B9D-87B6-08D50453CA30}"
EndProject
Project("{FAE04EC0-301F-11D3-BF4B-00C04F79EFBC}") = "BarberShop.Core.Repository", "Core\BarberShop.Core.Repository\BarberShop.Core.Repository.csproj", "{8674367A-4703-440A-9419-A5D77CEC6447}"
EndProject
Project("{FAE04EC0-301F-11D3-BF4B-00C04F79EFBC}") = "BarberShop.Core.Repository.EntityFramework", "Core\BarberShop.Core.Repository.EntityFramework\BarberShop.Core.Repository.EntityFramework.csproj", "{0BC86C71-AAAC-4688-90D6-E24968AD61B7}"
EndProject
Global
	GlobalSection(SolutionConfigurationPlatforms) = preSolution
		Debug|Any CPU = Debug|Any CPU
		Release|Any CPU = Release|Any CPU
	EndGlobalSection
	GlobalSection(ProjectConfigurationPlatforms) = postSolution
		{3C7C481F-879B-45A7-AA54-789D86A3BBFD}.Debug|Any CPU.ActiveCfg = Debug|Any CPU
		{3C7C481F-879B-45A7-AA54-789D86A3BBFD}.Debug|Any CPU.Build.0 = Debug|Any CPU
		{3C7C481F-879B-45A7-AA54-789D86A3BBFD}.Release|Any CPU.ActiveCfg = Release|Any CPU
		{3C7C481F-879B-45A7-AA54-789D86A3BBFD}.Release|Any CPU.Build.0 = Release|Any CPU
		{FC4108E4-F3C7-4B9D-87B6-08D50453CA30}.Debug|Any CPU.ActiveCfg = Debug|Any CPU
		{FC4108E4-F3C7-4B9D-87B6-08D50453CA30}.Debug|Any CPU.Build.0 = Debug|Any CPU
		{FC4108E4-F3C7-4B9D-87B6-08D50453CA30}.Release|Any CPU.ActiveCfg = Release|Any CPU
		{FC4108E4-F3C7-4B9D-87B6-08D50453CA30}.Release|Any CPU.Build.0 = Release|Any CPU
		{8674367A-4703-440A-9419-A5D77CEC6447}.Debug|Any CPU.ActiveCfg = Debug|Any CPU
		{8674367A-4703-440A-9419-A5D77CEC6447}.Debug|Any CPU.Build.0 = Debug|Any CPU
		{8674367A-4703-440A-9419-A5D77CEC6447}.Release|Any CPU.ActiveCfg = Release|Any CPU
		{8674367A-4703-440A-9419-A5D77CEC6447}.Release|Any CPU.Build.0 = Release|Any CPU
		{0BC86C71-AAAC-4688-90D6-E24968AD61B7}.Debug|Any CPU.ActiveCfg = Debug|Any CPU
		{0BC86C71-AAAC-4688-90D6-E24968AD61B7}.Debug|Any CPU.Build.0 = Debug|Any CPU
		{0BC86C71-AAAC-4688-90D6-E24968AD61B7}.Release|Any CPU.ActiveCfg = Release|Any CPU
		{0BC86C71-AAAC-4688-90D6-E24968AD61B7}.Release|Any CPU.Build.0 = Release|Any CPU
	EndGlobalSection
	GlobalSection(SolutionProperties) = preSolution
		HideSolutionNode = FALSE
	EndGlobalSection
	GlobalSection(NestedProjects) = preSolution
		{4E63DAF8-2709-4696-986B-86E9945A5AA6} = {7A7AACD8-64C5-489A-B258-81CE00AAEFF1}
		{3966F5AD-08D3-429B-A0E5-E8E03A90B75C} = {7A7AACD8-64C5-489A-B258-81CE00AAEFF1}
		{3C7C481F-879B-45A7-AA54-789D86A3BBFD} = {A45BA1D2-620F-49A3-B04E-DE65ADD2D3E7}
		{48BCDBD1-CB27-4FE4-94CA-5CB5B391CB59} = {A45BA1D2-620F-49A3-B04E-DE65ADD2D3E7}
		{FC4108E4-F3C7-4B9D-87B6-08D50453CA30} = {48BCDBD1-CB27-4FE4-94CA-5CB5B391CB59}
		{8674367A-4703-440A-9419-A5D77CEC6447} = {A45BA1D2-620F-49A3-B04E-DE65ADD2D3E7}
		{0BC86C71-AAAC-4688-90D6-E24968AD61B7} = {A45BA1D2-620F-49A3-B04E-DE65ADD2D3E7}
	EndGlobalSection
	GlobalSection(ExtensibilityGlobals) = postSolution
		SolutionGuid = {2530DA45-E794-41F8-A51D-459A03EC2BB8}
	EndGlobalSection
EndGlobal
